Microsoft Visual Studio Solution File, Format Version 12.00
# Visual Studio 2012
Project("{FAE04EC0-301F-11D3-BF4B-00C04F79EFBC}") = "RPG", "RPG.csproj", "{D84B03C9-BD61-4045-A337-5AF94712293B}"
EndProject
Global
	GlobalSection(SolutionConfigurationPlatforms) = preSolution
	Debug|Any CPU = Debug|Any CPU
	ExportDebug|Any CPU = ExportDebug|Any CPU
	ExportRelease|Any CPU = ExportRelease|Any CPU
	EndGlobalSection
	GlobalSection(ProjectConfigurationPlatforms) = postSolution
		{D84B03C9-BD61-4045-A337-5AF94712293B}.Debug|Any CPU.ActiveCfg = Debug|Any CPU
		{D84B03C9-BD61-4045-A337-5AF94712293B}.Debug|Any CPU.Build.0 = Debug|Any CPU
		{D84B03C9-BD61-4045-A337-5AF94712293B}.ExportDebug|Any CPU.ActiveCfg = ExportDebug|Any CPU
		{D84B03C9-BD61-4045-A337-5AF94712293B}.ExportDebug|Any CPU.Build.0 = ExportDebug|Any CPU
		{D84B03C9-BD61-4045-A337-5AF94712293B}.ExportRelease|Any CPU.ActiveCfg = ExportRelease|Any CPU
		{D84B03C9-BD61-4045-A337-5AF94712293B}.ExportRelease|Any CPU.Build.0 = ExportRelease|Any CPU
	EndGlobalSection
EndGlobal
